
Microsoft Visual Studio Solution File, Format Version 12.00
# Visual Studio Version 17
VisualStudioVersion = 17.14.36414.22 d17.14
MinimumVisualStudioVersion = 10.0.40219.1
Project("{FAE04EC0-301F-11D3-BF4B-00C04F79EFBC}") = "BetterCalculator", "BetterCalculator\BetterCalculator.csproj", "{BA50EE1D-72FA-41E1-BA17-C7BCEC091816}"
EndProject
Global
	GlobalSection(SolutionConfigurationPlatforms) = preSolution
		Debug|Any CPU = Debug|Any CPU
		Release|Any CPU = Release|Any CPU
	EndGlobalSection
	GlobalSection(ProjectConfigurationPlatforms) = postSolution
		{BA50EE1D-72FA-41E1-BA17-C7BCEC091816}.Debug|Any CPU.ActiveCfg = Debug|Any CPU
		{BA50EE1D-72FA-41E1-BA17-C7BCEC091816}.Debug|Any CPU.Build.0 = Debug|Any CPU
		{BA50EE1D-72FA-41E1-BA17-C7BCEC091816}.Release|Any CPU.ActiveCfg = Release|Any CPU
		{BA50EE1D-72FA-41E1-BA17-C7BCEC091816}.Release|Any CPU.Build.0 = Release|Any CPU
	EndGlobalSection
	GlobalSection(SolutionProperties) = preSolution
		HideSolutionNode = FALSE
	EndGlobalSection
	GlobalSection(ExtensibilityGlobals) = postSolution
		SolutionGuid = {E938529A-B47B-499A-A567-A28B794941E9}
	EndGlobalSection
EndGlobal
